
Microsoft Visual Studio Solution File, Format Version 12.00
# Visual Studio Version 17
VisualStudioVersion = 17.0.31903.59
MinimumVisualStudioVersion = 10.0.40219.1
Project("{2150E333-8FDC-42A3-9474-1A3956D46DE8}") = "AGUI", "AGUI", "{EB73CE80-13E1-0223-0DB6-6E8F31AF1C31}"
EndProject
Project("{2150E333-8FDC-42A3-9474-1A3956D46DE8}") = "src", "src", "{B78DA455-C260-BDB7-EC2D-A66A0A4DCF94}"
EndProject
Project("{FAE04EC0-301F-11D3-BF4B-00C04F79EFBC}") = "AGUI", "AGUI\src\AGUI.csproj", "{81BAB142-C771-4EF6-8937-11D70DE89AF7}"
EndProject
Project("{2150E333-8FDC-42A3-9474-1A3956D46DE8}") = "test", "test", "{E9382BF1-57B4-D145-A829-11C1C7981373}"
EndProject
Project("{FAE04EC0-301F-11D3-BF4B-00C04F79EFBC}") = "AGUI.Tests", "AGUI\test\AGUI.Tests.csproj", "{E5D9B1D4-95A9-431B-91FC-C564E374F928}"
EndProject
Project("{2150E333-8FDC-42A3-9474-1A3956D46DE8}") = "Microsoft.Agents.AI.AGUI", "Microsoft.Agents.AI.AGUI", "{131F6FD1-A594-7703-FC57-86D71A7103BF}"
EndProject
Project("{2150E333-8FDC-42A3-9474-1A3956D46DE8}") = "src", "src", "{C2358EBA-8CC2-35A6-D30D-F3C3CD2F95D4}"
EndProject
Project("{FAE04EC0-301F-11D3-BF4B-00C04F79EFBC}") = "Microsoft.Agents.AI.AGUI", "Microsoft.Agents.AI.AGUI\src\Microsoft.Agents.AI.AGUI.csproj", "{8EDB7064-5EA3-46B3-B707-94E4ABBADFFA}"
EndProject
Project("{2150E333-8FDC-42A3-9474-1A3956D46DE8}") = "test", "test", "{EB8FFD0B-E564-F16B-5EDD-8F75A0EF8E8F}"
EndProject
Project("{FAE04EC0-301F-11D3-BF4B-00C04F79EFBC}") = "Microsoft.Agents.AI.AGUI.Tests", "Microsoft.Agents.AI.AGUI\test\Microsoft.Agents.AI.AGUI.Tests.csproj", "{E3B3F5AA-69C4-4083-BAC9-6D4963280196}"
EndProject
Project("{2150E333-8FDC-42A3-9474-1A3956D46DE8}") = "Microsoft.Agents.AI.Hosting.AGUI.AspNetCore", "Microsoft.Agents.AI.Hosting.AGUI.AspNetCore", "{CEF514DD-1001-EAE4-ABE4-CDE7D3247767}"
EndProject
Project("{2150E333-8FDC-42A3-9474-1A3956D46DE8}") = "src", "src", "{EC1C5FF2-67BC-616C-6CA1-BCDB6D2C9F4B}"
EndProject
Project("{FAE04EC0-301F-11D3-BF4B-00C04F79EFBC}") = "Microsoft.Agents.AI.Hosting.AGUI.AspNetCore", "Microsoft.Agents.AI.Hosting.AGUI.AspNetCore\src\Microsoft.Agents.AI.Hosting.AGUI.AspNetCore.csproj", "{8C193F2E-1C13-481A-BF53-C0C68078303F}"
EndProject
Project("{2150E333-8FDC-42A3-9474-1A3956D46DE8}") = "test", "test", "{E22A0D0D-9594-9801-7A37-7402E5CC227F}"
EndProject
Project("{FAE04EC0-301F-11D3-BF4B-00C04F79EFBC}") = "Microsoft.Agents.AI.Hosting.AGUI.AspNetCore.Tests", "Microsoft.Agents.AI.Hosting.AGUI.AspNetCore\test\Microsoft.Agents.AI.Hosting.AGUI.AspNetCore.Tests.csproj", "{40CA227F-DFAE-43F4-AC31-47200494B4D6}"
EndProject
Project("{2150E333-8FDC-42A3-9474-1A3956D46DE8}") = "Microsoft.AspNetCore.Components.AI", "Microsoft.AspNetCore.Components.AI", "{B8C549D3-6A3D-5CA4-BD63-0A03C3B2DB53}"
EndProject
Project("{2150E333-8FDC-42A3-9474-1A3956D46DE8}") = "src", "src", "{2EB25799-C63D-923E-AB17-99EC8829E751}"
EndProject
Project("{FAE04EC0-301F-11D3-BF4B-00C04F79EFBC}") = "Microsoft.AspNetCore.Components.AI", "Microsoft.AspNetCore.Components.AI\src\Microsoft.AspNetCore.Components.AI.csproj", "{A32E9390-570B-4BE0-B5C9-1291A567F46F}"
EndProject
Project("{2150E333-8FDC-42A3-9474-1A3956D46DE8}") = "test", "test", "{F2409ADF-C603-0213-43C8-B508AB5EC7C4}"
EndProject
Project("{FAE04EC0-301F-11D3-BF4B-00C04F79EFBC}") = "Microsoft.AspNetCore.Components.AI.Tests", "Microsoft.AspNetCore.Components.AI\test\Microsoft.AspNetCore.Components.AI.Tests.csproj", "{370E7A40-669E-42FB-A590-99B06A1BE398}"
EndProject
Project("{2150E333-8FDC-42A3-9474-1A3956D46DE8}") = "Samples", "Samples", "{5D20AA90-6969-D8BD-9DCD-8634F4692FDA}"
EndProject
Project("{2150E333-8FDC-42A3-9474-1A3956D46DE8}") = "SimpleChat", "SimpleChat", "{FB423EB9-E1FF-F4AE-2024-F97429B5271A}"
EndProject
Project("{FAE04EC0-301F-11D3-BF4B-00C04F79EFBC}") = "SimpleChat", "Samples\SimpleChat\SimpleChat\SimpleChat.csproj", "{979FB70B-E469-4B16-A5BC-361A696B6F0A}"
EndProject
Project("{FAE04EC0-301F-11D3-BF4B-00C04F79EFBC}") = "SimpleChat.API", "Samples\SimpleChat\SimpleChat.API\SimpleChat.API.csproj", "{6AF70BCC-8750-4FE2-9F28-7F38BAE048C8}"
EndProject
Global
	GlobalSection(SolutionConfigurationPlatforms) = preSolution
		Debug|Any CPU = Debug|Any CPU
		Debug|x64 = Debug|x64
		Debug|x86 = Debug|x86
		Release|Any CPU = Release|Any CPU
		Release|x64 = Release|x64
		Release|x86 = Release|x86
	EndGlobalSection
	GlobalSection(ProjectConfigurationPlatforms) = postSolution
		{81BAB142-C771-4EF6-8937-11D70DE89AF7}.Debug|Any CPU.ActiveCfg = Debug|Any CPU
		{81BAB142-C771-4EF6-8937-11D70DE89AF7}.Debug|Any CPU.Build.0 = Debug|Any CPU
		{81BAB142-C771-4EF6-8937-11D70DE89AF7}.Debug|x64.ActiveCfg = Debug|Any CPU
		{81BAB142-C771-4EF6-8937-11D70DE89AF7}.Debug|x64.Build.0 = Debug|Any CPU
		{81BAB142-C771-4EF6-8937-11D70DE89AF7}.Debug|x86.ActiveCfg = Debug|Any CPU
		{81BAB142-C771-4EF6-8937-11D70DE89AF7}.Debug|x86.Build.0 = Debug|Any CPU
		{81BAB142-C771-4EF6-8937-11D70DE89AF7}.Release|Any CPU.ActiveCfg = Release|Any CPU
		{81BAB142-C771-4EF6-8937-11D70DE89AF7}.Release|Any CPU.Build.0 = Release|Any CPU
		{81BAB142-C771-4EF6-8937-11D70DE89AF7}.Release|x64.ActiveCfg = Release|Any CPU
		{81BAB142-C771-4EF6-8937-11D70DE89AF7}.Release|x64.Build.0 = Release|Any CPU
		{81BAB142-C771-4EF6-8937-11D70DE89AF7}.Release|x86.ActiveCfg = Release|Any CPU
		{81BAB142-C771-4EF6-8937-11D70DE89AF7}.Release|x86.Build.0 = Release|Any CPU
		{E5D9B1D4-95A9-431B-91FC-C564E374F928}.Debug|Any CPU.ActiveCfg = Debug|Any CPU
		{E5D9B1D4-95A9-431B-91FC-C564E374F928}.Debug|Any CPU.Build.0 = Debug|Any CPU
		{E5D9B1D4-95A9-431B-91FC-C564E374F928}.Debug|x64.ActiveCfg = Debug|Any CPU
		{E5D9B1D4-95A9-431B-91FC-C564E374F928}.Debug|x64.Build.0 = Debug|Any CPU
		{E5D9B1D4-95A9-431B-91FC-C564E374F928}.Debug|x86.ActiveCfg = Debug|Any CPU
		{E5D9B1D4-95A9-431B-91FC-C564E374F928}.Debug|x86.Build.0 = Debug|Any CPU
		{E5D9B1D4-95A9-431B-91FC-C564E374F928}.Release|Any CPU.ActiveCfg = Release|Any CPU
		{E5D9B1D4-95A9-431B-91FC-C564E374F928}.Release|Any CPU.Build.0 = Release|Any CPU
		{E5D9B1D4-95A9-431B-91FC-C564E374F928}.Release|x64.ActiveCfg = Release|Any CPU
		{E5D9B1D4-95A9-431B-91FC-C564E374F928}.Release|x64.Build.0 = Release|Any CPU
		{E5D9B1D4-95A9-431B-91FC-C564E374F928}.Release|x86.ActiveCfg = Release|Any CPU
		{E5D9B1D4-95A9-431B-91FC-C564E374F928}.Release|x86.Build.0 = Release|Any CPU
		{8EDB7064-5EA3-46B3-B707-94E4ABBADFFA}.Debug|Any CPU.ActiveCfg = Debug|Any CPU
		{8EDB7064-5EA3-46B3-B707-94E4ABBADFFA}.Debug|Any CPU.Build.0 = Debug|Any CPU
		{8EDB7064-5EA3-46B3-B707-94E4ABBADFFA}.Debug|x64.ActiveCfg = Debug|Any CPU
		{8EDB7064-5EA3-46B3-B707-94E4ABBADFFA}.Debug|x64.Build.0 = Debug|Any CPU
		{8EDB7064-5EA3-46B3-B707-94E4ABBADFFA}.Debug|x86.ActiveCfg = Debug|Any CPU
		{8EDB7064-5EA3-46B3-B707-94E4ABBADFFA}.Debug|x86.Build.0 = Debug|Any CPU
		{8EDB7064-5EA3-46B3-B707-94E4ABBADFFA}.Release|Any CPU.ActiveCfg = Release|Any CPU
		{8EDB7064-5EA3-46B3-B707-94E4ABBADFFA}.Release|Any CPU.Build.0 = Release|Any CPU
		{8EDB7064-5EA3-46B3-B707-94E4ABBADFFA}.Release|x64.ActiveCfg = Release|Any CPU
		{8EDB7064-5EA3-46B3-B707-94E4ABBADFFA}.Release|x64.Build.0 = Release|Any CPU
		{8EDB7064-5EA3-46B3-B707-94E4ABBADFFA}.Release|x86.ActiveCfg = Release|Any CPU
		{8EDB7064-5EA3-46B3-B707-94E4ABBADFFA}.Release|x86.Build.0 = Release|Any CPU
		{E3B3F5AA-69C4-4083-BAC9-6D4963280196}.Debug|Any CPU.ActiveCfg = Debug|Any CPU
		{E3B3F5AA-69C4-4083-BAC9-6D4963280196}.Debug|Any CPU.Build.0 = Debug|Any CPU
		{E3B3F5AA-69C4-4083-BAC9-6D4963280196}.Debug|x64.ActiveCfg = Debug|Any CPU
		{E3B3F5AA-69C4-4083-BAC9-6D4963280196}.Debug|x64.Build.0 = Debug|Any CPU
		{E3B3F5AA-69C4-4083-BAC9-6D4963280196}.Debug|x86.ActiveCfg = Debug|Any CPU
		{E3B3F5AA-69C4-4083-BAC9-6D4963280196}.Debug|x86.Build.0 = Debug|Any CPU
		{E3B3F5AA-69C4-4083-BAC9-6D4963280196}.Release|Any CPU.ActiveCfg = Release|Any CPU
		{E3B3F5AA-69C4-4083-BAC9-6D4963280196}.Release|Any CPU.Build.0 = Release|Any CPU
		{E3B3F5AA-69C4-4083-BAC9-6D4963280196}.Release|x64.ActiveCfg = Release|Any CPU
		{E3B3F5AA-69C4-4083-BAC9-6D4963280196}.Release|x64.Build.0 = Release|Any CPU
		{E3B3F5AA-69C4-4083-BAC9-6D4963280196}.Release|x86.ActiveCfg = Release|Any CPU
		{E3B3F5AA-69C4-4083-BAC9-6D4963280196}.Release|x86.Build.0 = Release|Any CPU
		{8C193F2E-1C13-481A-BF53-C0C68078303F}.Debug|Any CPU.ActiveCfg = Debug|Any CPU
		{8C193F2E-1C13-481A-BF53-C0C68078303F}.Debug|Any CPU.Build.0 = Debug|Any CPU
		{8C193F2E-1C13-481A-BF53-C0C68078303F}.Debug|x64.ActiveCfg = Debug|Any CPU
		{8C193F2E-1C13-481A-BF53-C0C68078303F}.Debug|x64.Build.0 = Debug|Any CPU
		{8C193F2E-1C13-481A-BF53-C0C68078303F}.Debug|x86.ActiveCfg = Debug|Any CPU
		{8C193F2E-1C13-481A-BF53-C0C68078303F}.Debug|x86.Build.0 = Debug|Any CPU
		{8C193F2E-1C13-481A-BF53-C0C68078303F}.Release|Any CPU.ActiveCfg = Release|Any CPU
		{8C193F2E-1C13-481A-BF53-C0C68078303F}.Release|Any CPU.Build.0 = Release|Any CPU
		{8C193F2E-1C13-481A-BF53-C0C68078303F}.Release|x64.ActiveCfg = Release|Any CPU
		{8C193F2E-1C13-481A-BF53-C0C68078303F}.Release|x64.Build.0 = Release|Any CPU
		{8C193F2E-1C13-481A-BF53-C0C68078303F}.Release|x86.ActiveCfg = Release|Any CPU
		{8C193F2E-1C13-481A-BF53-C0C68078303F}.Release|x86.Build.0 = Release|Any CPU
		{40CA227F-DFAE-43F4-AC31-47200494B4D6}.Debug|Any CPU.ActiveCfg = Debug|Any CPU
		{40CA227F-DFAE-43F4-AC31-47200494B4D6}.Debug|Any CPU.Build.0 = Debug|Any CPU
		{40CA227F-DFAE-43F4-AC31-47200494B4D6}.Debug|x64.ActiveCfg = Debug|Any CPU
		{40CA227F-DFAE-43F4-AC31-47200494B4D6}.Debug|x64.Build.0 = Debug|Any CPU
		{40CA227F-DFAE-43F4-AC31-47200494B4D6}.Debug|x86.ActiveCfg = Debug|Any CPU
		{40CA227F-DFAE-43F4-AC31-47200494B4D6}.Debug|x86.Build.0 = Debug|Any CPU
		{40CA227F-DFAE-43F4-AC31-47200494B4D6}.Release|Any CPU.ActiveCfg = Release|Any CPU
		{40CA227F-DFAE-43F4-AC31-47200494B4D6}.Release|Any CPU.Build.0 = Release|Any CPU
		{40CA227F-DFAE-43F4-AC31-47200494B4D6}.Release|x64.ActiveCfg = Release|Any CPU
		{40CA227F-DFAE-43F4-AC31-47200494B4D6}.Release|x64.Build.0 = Release|Any CPU
		{40CA227F-DFAE-43F4-AC31-47200494B4D6}.Release|x86.ActiveCfg = Release|Any CPU
		{40CA227F-DFAE-43F4-AC31-47200494B4D6}.Release|x86.Build.0 = Release|Any CPU
		{A32E9390-570B-4BE0-B5C9-1291A567F46F}.Debug|Any CPU.ActiveCfg = Debug|Any CPU
		{A32E9390-570B-4BE0-B5C9-1291A567F46F}.Debug|Any CPU.Build.0 = Debug|Any CPU
		{A32E9390-570B-4BE0-B5C9-1291A567F46F}.Debug|x64.ActiveCfg = Debug|Any CPU
		{A32E9390-570B-4BE0-B5C9-1291A567F46F}.Debug|x64.Build.0 = Debug|Any CPU
		{A32E9390-570B-4BE0-B5C9-1291A567F46F}.Debug|x86.ActiveCfg = Debug|Any CPU
		{A32E9390-570B-4BE0-B5C9-1291A567F46F}.Debug|x86.Build.0 = Debug|Any CPU
		{A32E9390-570B-4BE0-B5C9-1291A567F46F}.Release|Any CPU.ActiveCfg = Release|Any CPU
		{A32E9390-570B-4BE0-B5C9-1291A567F46F}.Release|Any CPU.Build.0 = Release|Any CPU
		{A32E9390-570B-4BE0-B5C9-1291A567F46F}.Release|x64.ActiveCfg = Release|Any CPU
		{A32E9390-570B-4BE0-B5C9-1291A567F46F}.Release|x64.Build.0 = Release|Any CPU
		{A32E9390-570B-4BE0-B5C9-1291A567F46F}.Release|x86.ActiveCfg = Release|Any CPU
		{A32E9390-570B-4BE0-B5C9-1291A567F46F}.Release|x86.Build.0 = Release|Any CPU
		{370E7A40-669E-42FB-A590-99B06A1BE398}.Debug|Any CPU.ActiveCfg = Debug|Any CPU
		{370E7A40-669E-42FB-A590-99B06A1BE398}.Debug|Any CPU.Build.0 = Debug|Any CPU
		{370E7A40-669E-42FB-A590-99B06A1BE398}.Debug|x64.ActiveCfg = Debug|Any CPU
		{370E7A40-669E-42FB-A590-99B06A1BE398}.Debug|x64.Build.0 = Debug|Any CPU
		{370E7A40-669E-42FB-A590-99B06A1BE398}.Debug|x86.ActiveCfg = Debug|Any CPU
		{370E7A40-669E-42FB-A590-99B06A1BE398}.Debug|x86.Build.0 = Debug|Any CPU
		{370E7A40-669E-42FB-A590-99B06A1BE398}.Release|Any CPU.ActiveCfg = Release|Any CPU
		{370E7A40-669E-42FB-A590-99B06A1BE398}.Release|Any CPU.Build.0 = Release|Any CPU
		{370E7A40-669E-42FB-A590-99B06A1BE398}.Release|x64.ActiveCfg = Release|Any CPU
		{370E7A40-669E-42FB-A590-99B06A1BE398}.Release|x64.Build.0 = Release|Any CPU
		{370E7A40-669E-42FB-A590-99B06A1BE398}.Release|x86.ActiveCfg = Release|Any CPU
		{370E7A40-669E-42FB-A590-99B06A1BE398}.Release|x86.Build.0 = Release|Any CPU
		{979FB70B-E469-4B16-A5BC-361A696B6F0A}.Debug|Any CPU.ActiveCfg = Debug|Any CPU
		{979FB70B-E469-4B16-A5BC-361A696B6F0A}.Debug|Any CPU.Build.0 = Debug|Any CPU
		{979FB70B-E469-4B16-A5BC-361A696B6F0A}.Debug|x64.ActiveCfg = Debug|Any CPU
		{979FB70B-E469-4B16-A5BC-361A696B6F0A}.Debug|x64.Build.0 = Debug|Any CPU
		{979FB70B-E469-4B16-A5BC-361A696B6F0A}.Debug|x86.ActiveCfg = Debug|Any CPU
		{979FB70B-E469-4B16-A5BC-361A696B6F0A}.Debug|x86.Build.0 = Debug|Any CPU
		{979FB70B-E469-4B16-A5BC-361A696B6F0A}.Release|Any CPU.ActiveCfg = Release|Any CPU
		{979FB70B-E469-4B16-A5BC-361A696B6F0A}.Release|Any CPU.Build.0 = Release|Any CPU
		{979FB70B-E469-4B16-A5BC-361A696B6F0A}.Release|x64.ActiveCfg = Release|Any CPU
		{979FB70B-E469-4B16-A5BC-361A696B6F0A}.Release|x64.Build.0 = Release|Any CPU
		{979FB70B-E469-4B16-A5BC-361A696B6F0A}.Release|x86.ActiveCfg = Release|Any CPU
		{979FB70B-E469-4B16-A5BC-361A696B6F0A}.Release|x86.Build.0 = Release|Any CPU
		{6AF70BCC-8750-4FE2-9F28-7F38BAE048C8}.Debug|Any CPU.ActiveCfg = Debug|Any CPU
		{6AF70BCC-8750-4FE2-9F28-7F38BAE048C8}.Debug|Any CPU.Build.0 = Debug|Any CPU
		{6AF70BCC-8750-4FE2-9F28-7F38BAE048C8}.Debug|x64.ActiveCfg = Debug|Any CPU
		{6AF70BCC-8750-4FE2-9F28-7F38BAE048C8}.Debug|x64.Build.0 = Debug|Any CPU
		{6AF70BCC-8750-4FE2-9F28-7F38BAE048C8}.Debug|x86.ActiveCfg = Debug|Any CPU
		{6AF70BCC-8750-4FE2-9F28-7F38BAE048C8}.Debug|x86.Build.0 = Debug|Any CPU
		{6AF70BCC-8750-4FE2-9F28-7F38BAE048C8}.Release|Any CPU.ActiveCfg = Release|Any CPU
		{6AF70BCC-8750-4FE2-9F28-7F38BAE048C8}.Release|Any CPU.Build.0 = Release|Any CPU
		{6AF70BCC-8750-4FE2-9F28-7F38BAE048C8}.Release|x64.ActiveCfg = Release|Any CPU
		{6AF70BCC-8750-4FE2-9F28-7F38BAE048C8}.Release|x64.Build.0 = Release|Any CPU
		{6AF70BCC-8750-4FE2-9F28-7F38BAE048C8}.Release|x86.ActiveCfg = Release|Any CPU
		{6AF70BCC-8750-4FE2-9F28-7F38BAE048C8}.Release|x86.Build.0 = Release|Any CPU
	EndGlobalSection
	GlobalSection(SolutionProperties) = preSolution
		HideSolutionNode = FALSE
	EndGlobalSection
	GlobalSection(NestedProjects) = preSolution
		{B78DA455-C260-BDB7-EC2D-A66A0A4DCF94} = {EB73CE80-13E1-0223-0DB6-6E8F31AF1C31}
		{81BAB142-C771-4EF6-8937-11D70DE89AF7} = {B78DA455-C260-BDB7-EC2D-A66A0A4DCF94}
		{E9382BF1-57B4-D145-A829-11C1C7981373} = {EB73CE80-13E1-0223-0DB6-6E8F31AF1C31}
		{E5D9B1D4-95A9-431B-91FC-C564E374F928} = {E9382BF1-57B4-D145-A829-11C1C7981373}
		{C2358EBA-8CC2-35A6-D30D-F3C3CD2F95D4} = {131F6FD1-A594-7703-FC57-86D71A7103BF}
		{8EDB7064-5EA3-46B3-B707-94E4ABBADFFA} = {C2358EBA-8CC2-35A6-D30D-F3C3CD2F95D4}
		{EB8FFD0B-E564-F16B-5EDD-8F75A0EF8E8F} = {131F6FD1-A594-7703-FC57-86D71A7103BF}
		{E3B3F5AA-69C4-4083-BAC9-6D4963280196} = {EB8FFD0B-E564-F16B-5EDD-8F75A0EF8E8F}
		{EC1C5FF2-67BC-616C-6CA1-BCDB6D2C9F4B} = {CEF514DD-1001-EAE4-ABE4-CDE7D3247767}
		{8C193F2E-1C13-481A-BF53-C0C68078303F} = {EC1C5FF2-67BC-616C-6CA1-BCDB6D2C9F4B}
		{E22A0D0D-9594-9801-7A37-7402E5CC227F} = {CEF514DD-1001-EAE4-ABE4-CDE7D3247767}
		{40CA227F-DFAE-43F4-AC31-47200494B4D6} = {E22A0D0D-9594-9801-7A37-7402E5CC227F}
		{2EB25799-C63D-923E-AB17-99EC8829E751} = {B8C549D3-6A3D-5CA4-BD63-0A03C3B2DB53}
		{A32E9390-570B-4BE0-B5C9-1291A567F46F} = {2EB25799-C63D-923E-AB17-99EC8829E751}
		{F2409ADF-C603-0213-43C8-B508AB5EC7C4} = {B8C549D3-6A3D-5CA4-BD63-0A03C3B2DB53}
		{370E7A40-669E-42FB-A590-99B06A1BE398} = {F2409ADF-C603-0213-43C8-B508AB5EC7C4}
		{FB423EB9-E1FF-F4AE-2024-F97429B5271A} = {5D20AA90-6969-D8BD-9DCD-8634F4692FDA}
		{979FB70B-E469-4B16-A5BC-361A696B6F0A} = {FB423EB9-E1FF-F4AE-2024-F97429B5271A}
		{6AF70BCC-8750-4FE2-9F28-7F38BAE048C8} = {FB423EB9-E1FF-F4AE-2024-F97429B5271A}
	EndGlobalSection
EndGlobal
